
Microsoft Visual Studio Solution File, Format Version 12.00
# Visual Studio Version 17
VisualStudioVersion = 17.14.36202.13
MinimumVisualStudioVersion = 10.0.40219.1
Project("{FAE04EC0-301F-11D3-BF4B-00C04F79EFBC}") = "SimListener", "SimListener\SimListener.csproj", "{3D5411AB-5DEE-4132-B5D8-6C862AF97A0C}"
EndProject
Project("{FAE04EC0-301F-11D3-BF4B-00C04F79EFBC}") = "FlightSimulator", "FlightSimulator\FlightSimulator.csproj", "{15A06DDA-9BE8-4DE0-8BF1-1E9D2C396C63}"
EndProject
Project("{FAE04EC0-301F-11D3-BF4B-00C04F79EFBC}") = "Redis", "Redis\Redis.csproj", "{5130AFBE-8AF0-49D2-A745-2F7DB9BB1715}"
EndProject
Project("{C7167F0D-BC9F-4E6E-AFE1-012C56B48DB5}") = "Package", "Package\Package.wapproj", "{7526D362-8103-4DDA-A49B-596D68DE7ED5}"
EndProject
Global
	GlobalSection(SolutionConfigurationPlatforms) = preSolution
		Debug|Any CPU = Debug|Any CPU
		Debug|ARM = Debug|ARM
		Debug|ARM64 = Debug|ARM64
		Debug|x64 = Debug|x64
		Debug|x86 = Debug|x86
		Release|Any CPU = Release|Any CPU
		Release|ARM = Release|ARM
		Release|ARM64 = Release|ARM64
		Release|x64 = Release|x64
		Release|x86 = Release|x86
	EndGlobalSection
	GlobalSection(ProjectConfigurationPlatforms) = postSolution
		{3D5411AB-5DEE-4132-B5D8-6C862AF97A0C}.Debug|Any CPU.ActiveCfg = Debug|Any CPU
		{3D5411AB-5DEE-4132-B5D8-6C862AF97A0C}.Debug|Any CPU.Build.0 = Debug|Any CPU
		{3D5411AB-5DEE-4132-B5D8-6C862AF97A0C}.Debug|ARM.ActiveCfg = Debug|Any CPU
		{3D5411AB-5DEE-4132-B5D8-6C862AF97A0C}.Debug|ARM.Build.0 = Debug|Any CPU
		{3D5411AB-5DEE-4132-B5D8-6C862AF97A0C}.Debug|ARM64.ActiveCfg = Debug|Any CPU
		{3D5411AB-5DEE-4132-B5D8-6C862AF97A0C}.Debug|ARM64.Build.0 = Debug|Any CPU
		{3D5411AB-5DEE-4132-B5D8-6C862AF97A0C}.Debug|x64.ActiveCfg = Debug|Any CPU
		{3D5411AB-5DEE-4132-B5D8-6C862AF97A0C}.Debug|x64.Build.0 = Debug|Any CPU
		{3D5411AB-5DEE-4132-B5D8-6C862AF97A0C}.Debug|x86.ActiveCfg = Debug|Any CPU
		{3D5411AB-5DEE-4132-B5D8-6C862AF97A0C}.Debug|x86.Build.0 = Debug|Any CPU
		{3D5411AB-5DEE-4132-B5D8-6C862AF97A0C}.Release|Any CPU.ActiveCfg = Release|Any CPU
		{3D5411AB-5DEE-4132-B5D8-6C862AF97A0C}.Release|Any CPU.Build.0 = Release|Any CPU
		{3D5411AB-5DEE-4132-B5D8-6C862AF97A0C}.Release|ARM.ActiveCfg = Release|Any CPU
		{3D5411AB-5DEE-4132-B5D8-6C862AF97A0C}.Release|ARM.Build.0 = Release|Any CPU
		{3D5411AB-5DEE-4132-B5D8-6C862AF97A0C}.Release|ARM64.ActiveCfg = Release|Any CPU
		{3D5411AB-5DEE-4132-B5D8-6C862AF97A0C}.Release|ARM64.Build.0 = Release|Any CPU
		{3D5411AB-5DEE-4132-B5D8-6C862AF97A0C}.Release|x64.ActiveCfg = Release|Any CPU
		{3D5411AB-5DEE-4132-B5D8-6C862AF97A0C}.Release|x64.Build.0 = Release|Any CPU
		{3D5411AB-5DEE-4132-B5D8-6C862AF97A0C}.Release|x86.ActiveCfg = Release|Any CPU
		{3D5411AB-5DEE-4132-B5D8-6C862AF97A0C}.Release|x86.Build.0 = Release|Any CPU
		{15A06DDA-9BE8-4DE0-8BF1-1E9D2C396C63}.Debug|Any CPU.ActiveCfg = Debug|Any CPU
		{15A06DDA-9BE8-4DE0-8BF1-1E9D2C396C63}.Debug|Any CPU.Build.0 = Debug|Any CPU
		{15A06DDA-9BE8-4DE0-8BF1-1E9D2C396C63}.Debug|ARM.ActiveCfg = Debug|Any CPU
		{15A06DDA-9BE8-4DE0-8BF1-1E9D2C396C63}.Debug|ARM.Build.0 = Debug|Any CPU
		{15A06DDA-9BE8-4DE0-8BF1-1E9D2C396C63}.Debug|ARM64.ActiveCfg = Debug|Any CPU
		{15A06DDA-9BE8-4DE0-8BF1-1E9D2C396C63}.Debug|ARM64.Build.0 = Debug|Any CPU
		{15A06DDA-9BE8-4DE0-8BF1-1E9D2C396C63}.Debug|x64.ActiveCfg = Debug|Any CPU
		{15A06DDA-9BE8-4DE0-8BF1-1E9D2C396C63}.Debug|x64.Build.0 = Debug|Any CPU
		{15A06DDA-9BE8-4DE0-8BF1-1E9D2C396C63}.Debug|x86.ActiveCfg = Debug|Any CPU
		{15A06DDA-9BE8-4DE0-8BF1-1E9D2C396C63}.Debug|x86.Build.0 = Debug|Any CPU
		{15A06DDA-9BE8-4DE0-8BF1-1E9D2C396C63}.Release|Any CPU.ActiveCfg = Release|Any CPU
		{15A06DDA-9BE8-4DE0-8BF1-1E9D2C396C63}.Release|Any CPU.Build.0 = Release|Any CPU
		{15A06DDA-9BE8-4DE0-8BF1-1E9D2C396C63}.Release|ARM.ActiveCfg = Release|Any CPU
		{15A06DDA-9BE8-4DE0-8BF1-1E9D2C396C63}.Release|ARM.Build.0 = Release|Any CPU
		{15A06DDA-9BE8-4DE0-8BF1-1E9D2C396C63}.Release|ARM64.ActiveCfg = Release|Any CPU
		{15A06DDA-9BE8-4DE0-8BF1-1E9D2C396C63}.Release|ARM64.Build.0 = Release|Any CPU
		{15A06DDA-9BE8-4DE0-8BF1-1E9D2C396C63}.Release|x64.ActiveCfg = Release|Any CPU
		{15A06DDA-9BE8-4DE0-8BF1-1E9D2C396C63}.Release|x64.Build.0 = Release|Any CPU
		{15A06DDA-9BE8-4DE0-8BF1-1E9D2C396C63}.Release|x86.ActiveCfg = Release|Any CPU
		{15A06DDA-9BE8-4DE0-8BF1-1E9D2C396C63}.Release|x86.Build.0 = Release|Any CPU
		{5130AFBE-8AF0-49D2-A745-2F7DB9BB1715}.Debug|Any CPU.ActiveCfg = Debug|Any CPU
		{5130AFBE-8AF0-49D2-A745-2F7DB9BB1715}.Debug|Any CPU.Build.0 = Debug|Any CPU
		{5130AFBE-8AF0-49D2-A745-2F7DB9BB1715}.Debug|ARM.ActiveCfg = Debug|Any CPU
		{5130AFBE-8AF0-49D2-A745-2F7DB9BB1715}.Debug|ARM.Build.0 = Debug|Any CPU
		{5130AFBE-8AF0-49D2-A745-2F7DB9BB1715}.Debug|ARM64.ActiveCfg = Debug|Any CPU
		{5130AFBE-8AF0-49D2-A745-2F7DB9BB1715}.Debug|ARM64.Build.0 = Debug|Any CPU
		{5130AFBE-8AF0-49D2-A745-2F7DB9BB1715}.Debug|x64.ActiveCfg = Debug|Any CPU
		{5130AFBE-8AF0-49D2-A745-2F7DB9BB1715}.Debug|x64.Build.0 = Debug|Any CPU
		{5130AFBE-8AF0-49D2-A745-2F7DB9BB1715}.Debug|x86.ActiveCfg = Debug|Any CPU
		{5130AFBE-8AF0-49D2-A745-2F7DB9BB1715}.Debug|x86.Build.0 = Debug|Any CPU
		{5130AFBE-8AF0-49D2-A745-2F7DB9BB1715}.Release|Any CPU.ActiveCfg = Release|Any CPU
		{5130AFBE-8AF0-49D2-A745-2F7DB9BB1715}.Release|Any CPU.Build.0 = Release|Any CPU
		{5130AFBE-8AF0-49D2-A745-2F7DB9BB1715}.Release|ARM.ActiveCfg = Release|Any CPU
		{5130AFBE-8AF0-49D2-A745-2F7DB9BB1715}.Release|ARM.Build.0 = Release|Any CPU
		{5130AFBE-8AF0-49D2-A745-2F7DB9BB1715}.Release|ARM64.ActiveCfg = Release|Any CPU
		{5130AFBE-8AF0-49D2-A745-2F7DB9BB1715}.Release|ARM64.Build.0 = Release|Any CPU
		{5130AFBE-8AF0-49D2-A745-2F7DB9BB1715}.Release|x64.ActiveCfg = Release|Any CPU
		{5130AFBE-8AF0-49D2-A745-2F7DB9BB1715}.Release|x64.Build.0 = Release|Any CPU
		{5130AFBE-8AF0-49D2-A745-2F7DB9BB1715}.Release|x86.ActiveCfg = Release|Any CPU
		{5130AFBE-8AF0-49D2-A745-2F7DB9BB1715}.Release|x86.Build.0 = Release|Any CPU
		{7526D362-8103-4DDA-A49B-596D68DE7ED5}.Debug|Any CPU.ActiveCfg = Debug|Any CPU
		{7526D362-8103-4DDA-A49B-596D68DE7ED5}.Debug|Any CPU.Build.0 = Debug|Any CPU
		{7526D362-8103-4DDA-A49B-596D68DE7ED5}.Debug|Any CPU.Deploy.0 = Debug|Any CPU
		{7526D362-8103-4DDA-A49B-596D68DE7ED5}.Debug|ARM.ActiveCfg = Debug|ARM
		{7526D362-8103-4DDA-A49B-596D68DE7ED5}.Debug|ARM.Build.0 = Debug|ARM
		{7526D362-8103-4DDA-A49B-596D68DE7ED5}.Debug|ARM.Deploy.0 = Debug|ARM
		{7526D362-8103-4DDA-A49B-596D68DE7ED5}.Debug|ARM64.ActiveCfg = Debug|ARM64
		{7526D362-8103-4DDA-A49B-596D68DE7ED5}.Debug|ARM64.Build.0 = Debug|ARM64
		{7526D362-8103-4DDA-A49B-596D68DE7ED5}.Debug|ARM64.Deploy.0 = Debug|ARM64
		{7526D362-8103-4DDA-A49B-596D68DE7ED5}.Debug|x64.ActiveCfg = Debug|x64
		{7526D362-8103-4DDA-A49B-596D68DE7ED5}.Debug|x64.Build.0 = Debug|x64
		{7526D362-8103-4DDA-A49B-596D68DE7ED5}.Debug|x64.Deploy.0 = Debug|x64
		{7526D362-8103-4DDA-A49B-596D68DE7ED5}.Debug|x86.ActiveCfg = Debug|x86
		{7526D362-8103-4DDA-A49B-596D68DE7ED5}.Debug|x86.Build.0 = Debug|x86
		{7526D362-8103-4DDA-A49B-596D68DE7ED5}.Debug|x86.Deploy.0 = Debug|x86
		{7526D362-8103-4DDA-A49B-596D68DE7ED5}.Release|Any CPU.ActiveCfg = Release|Any CPU
		{7526D362-8103-4DDA-A49B-596D68DE7ED5}.Release|Any CPU.Build.0 = Release|Any CPU
		{7526D362-8103-4DDA-A49B-596D68DE7ED5}.Release|Any CPU.Deploy.0 = Release|Any CPU
		{7526D362-8103-4DDA-A49B-596D68DE7ED5}.Release|ARM.ActiveCfg = Release|ARM
		{7526D362-8103-4DDA-A49B-596D68DE7ED5}.Release|ARM.Build.0 = Release|ARM
		{7526D362-8103-4DDA-A49B-596D68DE7ED5}.Release|ARM.Deploy.0 = Release|ARM
		{7526D362-8103-4DDA-A49B-596D68DE7ED5}.Release|ARM64.ActiveCfg = Release|ARM64
		{7526D362-8103-4DDA-A49B-596D68DE7ED5}.Release|ARM64.Build.0 = Release|ARM64
		{7526D362-8103-4DDA-A49B-596D68DE7ED5}.Release|ARM64.Deploy.0 = Release|ARM64
		{7526D362-8103-4DDA-A49B-596D68DE7ED5}.Release|x64.ActiveCfg = Release|x64
		{7526D362-8103-4DDA-A49B-596D68DE7ED5}.Release|x64.Build.0 = Release|x64
		{7526D362-8103-4DDA-A49B-596D68DE7ED5}.Release|x64.Deploy.0 = Release|x64
		{7526D362-8103-4DDA-A49B-596D68DE7ED5}.Release|x86.ActiveCfg = Release|x86
		{7526D362-8103-4DDA-A49B-596D68DE7ED5}.Release|x86.Build.0 = Release|x86
		{7526D362-8103-4DDA-A49B-596D68DE7ED5}.Release|x86.Deploy.0 = Release|x86
	EndGlobalSection
	GlobalSection(SolutionProperties) = preSolution
		HideSolutionNode = FALSE
	EndGlobalSection
	GlobalSection(ExtensibilityGlobals) = postSolution
		SolutionGuid = {0D32F4E5-FA7F-45EB-B340-CB513A449151}
	EndGlobalSection
EndGlobal
